// !$*UTF8*$!
{
	archiveVersion = 1;
	classes = {
	};
	objectVersion = 50;
	objects = {

/* Begin PBXBuildFile section */
		CF1F50BC25261AAD00F43E94 /* WaitingHostView.swift in Sources */ = {isa = PBXBuildFile; fileRef = CF1F50BB25261AAD00F43E94 /* WaitingHostView.swift */; };
		CF8E0894252EFFAD00EFE6CB /* ChooseGameView.swift in Sources */ = {isa = PBXBuildFile; fileRef = CF8E0893252EFFAD00EFE6CB /* ChooseGameView.swift */; };
		CF8E0899252F03F100EFE6CB /* GameListItem.swift in Sources */ = {isa = PBXBuildFile; fileRef = CF8E0898252F03F100EFE6CB /* GameListItem.swift */; };
		CF8E089E252F04C100EFE6CB /* Game.swift in Sources */ = {isa = PBXBuildFile; fileRef = CF8E089D252F04C100EFE6CB /* Game.swift */; };
		CFC422C32525BDB900228508 /* GameView.swift in Sources */ = {isa = PBXBuildFile; fileRef = CFC422C22525BDB900228508 /* GameView.swift */; };
		EA116322252F2AC6006571D6 /* DataProvider.swift in Sources */ = {isa = PBXBuildFile; fileRef = EA116321252F2AC6006571D6 /* DataProvider.swift */; };
		EA116327252F2B18006571D6 /* PartyData.swift in Sources */ = {isa = PBXBuildFile; fileRef = EA116326252F2B18006571D6 /* PartyData.swift */; };
		EA3B7260251DDB1700C82BFC /* LoginView.swift in Sources */ = {isa = PBXBuildFile; fileRef = EA3B725F251DDB1700C82BFC /* LoginView.swift */; };
		EA4A1D9C251CA17B00C96E20 /* AppDelegate.swift in Sources */ = {isa = PBXBuildFile; fileRef = EA4A1D9B251CA17B00C96E20 /* AppDelegate.swift */; };
		EA4A1D9E251CA17B00C96E20 /* SceneDelegate.swift in Sources */ = {isa = PBXBuildFile; fileRef = EA4A1D9D251CA17B00C96E20 /* SceneDelegate.swift */; };
		EA4A1DA0251CA17B00C96E20 /* ContentView.swift in Sources */ = {isa = PBXBuildFile; fileRef = EA4A1D9F251CA17B00C96E20 /* ContentView.swift */; };
		EA4A1DA2251CA18000C96E20 /* Assets.xcassets in Resources */ = {isa = PBXBuildFile; fileRef = EA4A1DA1251CA18000C96E20 /* Assets.xcassets */; };
		EA4A1DA5251CA18000C96E20 /* Preview Assets.xcassets in Resources */ = {isa = PBXBuildFile; fileRef = EA4A1DA4251CA18000C96E20 /* Preview Assets.xcassets */; };
		EA4A1DA8251CA18000C96E20 /* LaunchScreen.storyboard in Resources */ = {isa = PBXBuildFile; fileRef = EA4A1DA6251CA18000C96E20 /* LaunchScreen.storyboard */; };
		EA4A1DB3251CA18100C96E20 /* BiernTests.swift in Sources */ = {isa = PBXBuildFile; fileRef = EA4A1DB2251CA18100C96E20 /* BiernTests.swift */; };
		EA4A1DBE251CA18100C96E20 /* BiernUITests.swift in Sources */ = {isa = PBXBuildFile; fileRef = EA4A1DBD251CA18100C96E20 /* BiernUITests.swift */; };
		EA5F59F5252F07FC004265AF /* NavigationItemContainer.swift in Sources */ = {isa = PBXBuildFile; fileRef = EA5F59F4252F07FC004265AF /* NavigationItemContainer.swift */; };
		EA943AC7251CD47C00CAB20C /* BackgroundCardComponent.swift in Sources */ = {isa = PBXBuildFile; fileRef = EA943AC6251CD47C00CAB20C /* BackgroundCardComponent.swift */; };
		EAA47F84252F5235000F99DB /* PartyUserView.swift in Sources */ = {isa = PBXBuildFile; fileRef = EAA47F83252F5235000F99DB /* PartyUserView.swift */; };
		EAAE1C79252220B400FEA51C /* JoinPartyView.swift in Sources */ = {isa = PBXBuildFile; fileRef = EAAE1C78252220B400FEA51C /* JoinPartyView.swift */; };
		EAAE1C81252223D000FEA51C /* UserView.swift in Sources */ = {isa = PBXBuildFile; fileRef = EAAE1C80252223D000FEA51C /* UserView.swift */; };
		EAAE1C8725232BF600FEA51C /* UserData.swift in Sources */ = {isa = PBXBuildFile; fileRef = EAAE1C8625232BF600FEA51C /* UserData.swift */; };
		EAF23FD325304B4B0074AC81 /* PartyPeopleList.swift in Sources */ = {isa = PBXBuildFile; fileRef = EAF23FD225304B4B0074AC81 /* PartyPeopleList.swift */; };
		EAF23FE6253063860074AC81 /* NavigationButton.swift in Sources */ = {isa = PBXBuildFile; fileRef = EAF23FE5253063860074AC81 /* NavigationButton.swift */; };
		EAF23FEE253092370074AC81 /* PartyHostView.swift in Sources */ = {isa = PBXBuildFile; fileRef = EAF23FED253092370074AC81 /* PartyHostView.swift */; };
/* End PBXBuildFile section */

/* Begin PBXContainerItemProxy section */
		EA4A1DAF251CA18100C96E20 /* PBXContainerItemProxy */ = {
			isa = PBXContainerItemProxy;
			containerPortal = EA4A1D90251CA17B00C96E20 /* Project object */;
			proxyType = 1;
			remoteGlobalIDString = EA4A1D97251CA17B00C96E20;
			remoteInfo = "Bier'n";
		};
		EA4A1DBA251CA18100C96E20 /* PBXContainerItemProxy */ = {
			isa = PBXContainerItemProxy;
			containerPortal = EA4A1D90251CA17B00C96E20 /* Project object */;
			proxyType = 1;
			remoteGlobalIDString = EA4A1D97251CA17B00C96E20;
			remoteInfo = "Bier'n";
		};
/* End PBXContainerItemProxy section */

/* Begin PBXFileReference section */
		CF1F50BB25261AAD00F43E94 /* WaitingHostView.swift */ = {isa = PBXFileReference; lastKnownFileType = sourcecode.swift; path = WaitingHostView.swift; sourceTree = "<group>"; };
		CF8E0893252EFFAD00EFE6CB /* ChooseGameView.swift */ = {isa = PBXFileReference; lastKnownFileType = sourcecode.swift; path = ChooseGameView.swift; sourceTree = "<group>"; };
		CF8E0898252F03F100EFE6CB /* GameListItem.swift */ = {isa = PBXFileReference; lastKnownFileType = sourcecode.swift; path = GameListItem.swift; sourceTree = "<group>"; };
		CF8E089D252F04C100EFE6CB /* Game.swift */ = {isa = PBXFileReference; lastKnownFileType = sourcecode.swift; path = Game.swift; sourceTree = "<group>"; };
		CFC422C22525BDB900228508 /* GameView.swift */ = {isa = PBXFileReference; lastKnownFileType = sourcecode.swift; path = GameView.swift; sourceTree = "<group>"; };
		EA116321252F2AC6006571D6 /* DataProvider.swift */ = {isa = PBXFileReference; lastKnownFileType = sourcecode.swift; path = DataProvider.swift; sourceTree = "<group>"; };
		EA116326252F2B18006571D6 /* PartyData.swift */ = {isa = PBXFileReference; lastKnownFileType = sourcecode.swift; path = PartyData.swift; sourceTree = "<group>"; };
		EA3B725F251DDB1700C82BFC /* LoginView.swift */ = {isa = PBXFileReference; lastKnownFileType = sourcecode.swift; path = LoginView.swift; sourceTree = "<group>"; };
		EA4A1D98251CA17B00C96E20 /* Biern.app */ = {isa = PBXFileReference; explicitFileType = wrapper.application; includeInIndex = 0; path = Biern.app; sourceTree = BUILT_PRODUCTS_DIR; };
		EA4A1D9B251CA17B00C96E20 /* AppDelegate.swift */ = {isa = PBXFileReference; lastKnownFileType = sourcecode.swift; path = AppDelegate.swift; sourceTree = "<group>"; };
		EA4A1D9D251CA17B00C96E20 /* SceneDelegate.swift */ = {isa = PBXFileReference; lastKnownFileType = sourcecode.swift; path = SceneDelegate.swift; sourceTree = "<group>"; };
		EA4A1D9F251CA17B00C96E20 /* ContentView.swift */ = {isa = PBXFileReference; lastKnownFileType = sourcecode.swift; path = ContentView.swift; sourceTree = "<group>"; };
		EA4A1DA1251CA18000C96E20 /* Assets.xcassets */ = {isa = PBXFileReference; lastKnownFileType = folder.assetcatalog; path = Assets.xcassets; sourceTree = "<group>"; };
		EA4A1DA4251CA18000C96E20 /* Preview Assets.xcassets */ = {isa = PBXFileReference; lastKnownFileType = folder.assetcatalog; path = "Preview Assets.xcassets"; sourceTree = "<group>"; };
		EA4A1DA7251CA18000C96E20 /* Base */ = {isa = PBXFileReference; lastKnownFileType = file.storyboard; name = Base; path = Base.lproj/LaunchScreen.storyboard; sourceTree = "<group>"; };
		EA4A1DA9251CA18000C96E20 /* Info.plist */ = {isa = PBXFileReference; lastKnownFileType = text.plist.xml; path = Info.plist; sourceTree = "<group>"; };
		EA4A1DAE251CA18100C96E20 /* BiernTests.xctest */ = {isa = PBXFileReference; explicitFileType = wrapper.cfbundle; includeInIndex = 0; path = BiernTests.xctest; sourceTree = BUILT_PRODUCTS_DIR; };
		EA4A1DB2251CA18100C96E20 /* BiernTests.swift */ = {isa = PBXFileReference; lastKnownFileType = sourcecode.swift; path = BiernTests.swift; sourceTree = "<group>"; };
		EA4A1DB4251CA18100C96E20 /* Info.plist */ = {isa = PBXFileReference; lastKnownFileType = text.plist.xml; path = Info.plist; sourceTree = "<group>"; };
		EA4A1DB9251CA18100C96E20 /* BiernUITests.xctest */ = {isa = PBXFileReference; explicitFileType = wrapper.cfbundle; includeInIndex = 0; path = BiernUITests.xctest; sourceTree = BUILT_PRODUCTS_DIR; };
		EA4A1DBD251CA18100C96E20 /* BiernUITests.swift */ = {isa = PBXFileReference; lastKnownFileType = sourcecode.swift; path = BiernUITests.swift; sourceTree = "<group>"; };
		EA4A1DBF251CA18100C96E20 /* Info.plist */ = {isa = PBXFileReference; lastKnownFileType = text.plist.xml; path = Info.plist; sourceTree = "<group>"; };
		EA5F59F4252F07FC004265AF /* NavigationItemContainer.swift */ = {isa = PBXFileReference; lastKnownFileType = sourcecode.swift; path = NavigationItemContainer.swift; sourceTree = "<group>"; };
		EA943AC6251CD47C00CAB20C /* BackgroundCardComponent.swift */ = {isa = PBXFileReference; lastKnownFileType = sourcecode.swift; path = BackgroundCardComponent.swift; sourceTree = "<group>"; };
		EAA47F83252F5235000F99DB /* PartyUserView.swift */ = {isa = PBXFileReference; lastKnownFileType = sourcecode.swift; path = PartyUserView.swift; sourceTree = "<group>"; };
		EAAE1C78252220B400FEA51C /* JoinPartyView.swift */ = {isa = PBXFileReference; lastKnownFileType = sourcecode.swift; path = JoinPartyView.swift; sourceTree = "<group>"; };
		EAAE1C80252223D000FEA51C /* UserView.swift */ = {isa = PBXFileReference; lastKnownFileType = sourcecode.swift; path = UserView.swift; sourceTree = "<group>"; };
		EAAE1C8625232BF600FEA51C /* UserData.swift */ = {isa = PBXFileReference; lastKnownFileType = sourcecode.swift; path = UserData.swift; sourceTree = "<group>"; };
		EAF23FD225304B4B0074AC81 /* PartyPeopleList.swift */ = {isa = PBXFileReference; lastKnownFileType = sourcecode.swift; path = PartyPeopleList.swift; sourceTree = "<group>"; };
		EAF23FE5253063860074AC81 /* NavigationButton.swift */ = {isa = PBXFileReference; lastKnownFileType = sourcecode.swift; path = NavigationButton.swift; sourceTree = "<group>"; };
		EAF23FED253092370074AC81 /* PartyHostView.swift */ = {isa = PBXFileReference; lastKnownFileType = sourcecode.swift; path = PartyHostView.swift; sourceTree = "<group>"; };
/* End PBXFileReference section */

/* Begin PBXFrameworksBuildPhase section */
		EA4A1D95251CA17B00C96E20 /* Frameworks */ = {
			isa = PBXFrameworksBuildPhase;
			buildActionMask = 2147483647;
			files = (
			);
			runOnlyForDeploymentPostprocessing = 0;
		};
		EA4A1DAB251CA18100C96E20 /* Frameworks */ = {
			isa = PBXFrameworksBuildPhase;
			buildActionMask = 2147483647;
			files = (
			);
			runOnlyForDeploymentPostprocessing = 0;
		};
		EA4A1DB6251CA18100C96E20 /* Frameworks */ = {
			isa = PBXFrameworksBuildPhase;
			buildActionMask = 2147483647;
			files = (
			);
			runOnlyForDeploymentPostprocessing = 0;
		};
/* End PBXFrameworksBuildPhase section */

/* Begin PBXGroup section */
		EA3B7258251DDAF700C82BFC /* Views */ = {
			isa = PBXGroup;
			children = (
				EA3B725F251DDB1700C82BFC /* LoginView.swift */,
				CF1F50BB25261AAD00F43E94 /* WaitingHostView.swift */,
				EAAE1C78252220B400FEA51C /* JoinPartyView.swift */,
				CFC422C22525BDB900228508 /* GameView.swift */,
				CF8E0893252EFFAD00EFE6CB /* ChooseGameView.swift */,
				EAA47F83252F5235000F99DB /* PartyUserView.swift */,
				EAAE1C80252223D000FEA51C /* UserView.swift */,
				EAF23FED253092370074AC81 /* PartyHostView.swift */,
			);
			path = Views;
			sourceTree = "<group>";
		};
		EA4A1D8F251CA17B00C96E20 = {
			isa = PBXGroup;
			children = (
				EA4A1D9A251CA17B00C96E20 /* Biern */,
				EA4A1DB1251CA18100C96E20 /* BiernTests */,
				EA4A1DBC251CA18100C96E20 /* BiernUITests */,
				EA4A1D99251CA17B00C96E20 /* Products */,
			);
			sourceTree = "<group>";
		};
		EA4A1D99251CA17B00C96E20 /* Products */ = {
			isa = PBXGroup;
			children = (
				EA4A1D98251CA17B00C96E20 /* Biern.app */,
				EA4A1DAE251CA18100C96E20 /* BiernTests.xctest */,
				EA4A1DB9251CA18100C96E20 /* BiernUITests.xctest */,
			);
			name = Products;
			sourceTree = "<group>";
		};
		EA4A1D9A251CA17B00C96E20 /* Biern */ = {
			isa = PBXGroup;
			children = (
				EAAE1C8E25232F6100FEA51C /* Models */,
				EA3B7258251DDAF700C82BFC /* Views */,
				EA943AC5251CD3E700CAB20C /* Components */,
				EA4A1D9B251CA17B00C96E20 /* AppDelegate.swift */,
				EA4A1D9D251CA17B00C96E20 /* SceneDelegate.swift */,
				EA4A1D9F251CA17B00C96E20 /* ContentView.swift */,
				EA4A1DA1251CA18000C96E20 /* Assets.xcassets */,
				EA4A1DA6251CA18000C96E20 /* LaunchScreen.storyboard */,
				EA4A1DA9251CA18000C96E20 /* Info.plist */,
				EA4A1DA3251CA18000C96E20 /* Preview Content */,
			);
			path = Biern;
			sourceTree = "<group>";
		};
		EA4A1DA3251CA18000C96E20 /* Preview Content */ = {
			isa = PBXGroup;
			children = (
				EA4A1DA4251CA18000C96E20 /* Preview Assets.xcassets */,
			);
			path = "Preview Content";
			sourceTree = "<group>";
		};
		EA4A1DB1251CA18100C96E20 /* BiernTests */ = {
			isa = PBXGroup;
			children = (
				EA4A1DB2251CA18100C96E20 /* BiernTests.swift */,
				EA4A1DB4251CA18100C96E20 /* Info.plist */,
			);
			path = BiernTests;
			sourceTree = "<group>";
		};
		EA4A1DBC251CA18100C96E20 /* BiernUITests */ = {
			isa = PBXGroup;
			children = (
				EA4A1DBD251CA18100C96E20 /* BiernUITests.swift */,
				EA4A1DBF251CA18100C96E20 /* Info.plist */,
			);
			path = BiernUITests;
			sourceTree = "<group>";
		};
		EA943AC5251CD3E700CAB20C /* Components */ = {
			isa = PBXGroup;
			children = (
				EA943AC6251CD47C00CAB20C /* BackgroundCardComponent.swift */,
				CF8E0898252F03F100EFE6CB /* GameListItem.swift */,
				EA5F59F4252F07FC004265AF /* NavigationItemContainer.swift */,
				EAF23FD225304B4B0074AC81 /* PartyPeopleList.swift */,
				EAF23FE5253063860074AC81 /* NavigationButton.swift */,
			);
			path = Components;
			sourceTree = "<group>";
		};
		EAAE1C8E25232F6100FEA51C /* Models */ = {
			isa = PBXGroup;
			children = (
				EAAE1C8625232BF600FEA51C /* UserData.swift */,
				CF8E089D252F04C100EFE6CB /* Game.swift */,
				EA116321252F2AC6006571D6 /* DataProvider.swift */,
				EA116326252F2B18006571D6 /* PartyData.swift */,
			);
			path = Models;
			sourceTree = "<group>";
		};
/* End PBXGroup section */

/* Begin PBXNativeTarget section */
		EA4A1D97251CA17B00C96E20 /* Biern */ = {
			isa = PBXNativeTarget;
			buildConfigurationList = EA4A1DC2251CA18100C96E20 /* Build configuration list for PBXNativeTarget "Biern" */;
			buildPhases = (
				EA4A1DCB251CA8DD00C96E20 /* SwiftLint */,
				EA4A1D94251CA17B00C96E20 /* Sources */,
				EA4A1D95251CA17B00C96E20 /* Frameworks */,
				EA4A1D96251CA17B00C96E20 /* Resources */,
				CFC422C12525B88E00228508 /* ShellScript */,
			);
			buildRules = (
			);
			dependencies = (
			);
			name = Biern;
			productName = "Bier'n";
			productReference = EA4A1D98251CA17B00C96E20 /* Biern.app */;
			productType = "com.apple.product-type.application";
		};
		EA4A1DAD251CA18100C96E20 /* BiernTests */ = {
			isa = PBXNativeTarget;
			buildConfigurationList = EA4A1DC5251CA18100C96E20 /* Build configuration list for PBXNativeTarget "BiernTests" */;
			buildPhases = (
				EA4A1DAA251CA18100C96E20 /* Sources */,
				EA4A1DAB251CA18100C96E20 /* Frameworks */,
				EA4A1DAC251CA18100C96E20 /* Resources */,
			);
			buildRules = (
			);
			dependencies = (
				EA4A1DB0251CA18100C96E20 /* PBXTargetDependency */,
			);
			name = BiernTests;
			productName = "Bier'nTests";
			productReference = EA4A1DAE251CA18100C96E20 /* BiernTests.xctest */;
			productType = "com.apple.product-type.bundle.unit-test";
		};
		EA4A1DB8251CA18100C96E20 /* BiernUITests */ = {
			isa = PBXNativeTarget;
			buildConfigurationList = EA4A1DC8251CA18100C96E20 /* Build configuration list for PBXNativeTarget "BiernUITests" */;
			buildPhases = (
				EA4A1DB5251CA18100C96E20 /* Sources */,
				EA4A1DB6251CA18100C96E20 /* Frameworks */,
				EA4A1DB7251CA18100C96E20 /* Resources */,
			);
			buildRules = (
			);
			dependencies = (
				EA4A1DBB251CA18100C96E20 /* PBXTargetDependency */,
			);
			name = BiernUITests;
			productName = "Bier'nUITests";
			productReference = EA4A1DB9251CA18100C96E20 /* BiernUITests.xctest */;
			productType = "com.apple.product-type.bundle.ui-testing";
		};
/* End PBXNativeTarget section */

/* Begin PBXProject section */
		EA4A1D90251CA17B00C96E20 /* Project object */ = {
			isa = PBXProject;
			attributes = {
				LastSwiftUpdateCheck = 1170;
				LastUpgradeCheck = 1200;
				ORGANIZATIONNAME = AAD_Group_4;
				TargetAttributes = {
					EA4A1D97251CA17B00C96E20 = {
						CreatedOnToolsVersion = 11.7;
					};
					EA4A1DAD251CA18100C96E20 = {
						CreatedOnToolsVersion = 11.7;
						TestTargetID = EA4A1D97251CA17B00C96E20;
					};
					EA4A1DB8251CA18100C96E20 = {
						CreatedOnToolsVersion = 11.7;
						TestTargetID = EA4A1D97251CA17B00C96E20;
					};
				};
			};
			buildConfigurationList = EA4A1D93251CA17B00C96E20 /* Build configuration list for PBXProject "Biern" */;
			compatibilityVersion = "Xcode 9.3";
			developmentRegion = en;
			hasScannedForEncodings = 0;
			knownRegions = (
				en,
				Base,
			);
			mainGroup = EA4A1D8F251CA17B00C96E20;
			productRefGroup = EA4A1D99251CA17B00C96E20 /* Products */;
			projectDirPath = "";
			projectRoot = "";
			targets = (
				EA4A1D97251CA17B00C96E20 /* Biern */,
				EA4A1DAD251CA18100C96E20 /* BiernTests */,
				EA4A1DB8251CA18100C96E20 /* BiernUITests */,
			);
		};
/* End PBXProject section */

/* Begin PBXResourcesBuildPhase section */
		EA4A1D96251CA17B00C96E20 /* Resources */ = {
			isa = PBXResourcesBuildPhase;
			buildActionMask = 2147483647;
			files = (
				EA4A1DA8251CA18000C96E20 /* LaunchScreen.storyboard in Resources */,
				EA4A1DA5251CA18000C96E20 /* Preview Assets.xcassets in Resources */,
				EA4A1DA2251CA18000C96E20 /* Assets.xcassets in Resources */,
			);
			runOnlyForDeploymentPostprocessing = 0;
		};
		EA4A1DAC251CA18100C96E20 /* Resources */ = {
			isa = PBXResourcesBuildPhase;
			buildActionMask = 2147483647;
			files = (
			);
			runOnlyForDeploymentPostprocessing = 0;
		};
		EA4A1DB7251CA18100C96E20 /* Resources */ = {
			isa = PBXResourcesBuildPhase;
			buildActionMask = 2147483647;
			files = (
			);
			runOnlyForDeploymentPostprocessing = 0;
		};
/* End PBXResourcesBuildPhase section */

/* Begin PBXShellScriptBuildPhase section */
		CFC422C12525B88E00228508 /* ShellScript */ = {
			isa = PBXShellScriptBuildPhase;
			buildActionMask = 2147483647;
			files = (
			);
			inputFileListPaths = (
			);
			inputPaths = (
			);
			outputFileListPaths = (
			);
			outputPaths = (
			);
			runOnlyForDeploymentPostprocessing = 0;
			shellPath = /bin/sh;
			shellScript = "if which swiftlint >/dev/null; then\n  swiftlint\nelse\n  echo \"warning: SwiftLint not installed, download from https://github.com/realm/SwiftLint\"\nfi\n";
		};
		EA4A1DCB251CA8DD00C96E20 /* SwiftLint */ = {
			isa = PBXShellScriptBuildPhase;
			buildActionMask = 2147483647;
			files = (
			);
			inputFileListPaths = (
			);
			inputPaths = (
			);
			name = SwiftLint;
			outputFileListPaths = (
			);
			outputPaths = (
			);
			runOnlyForDeploymentPostprocessing = 0;
			shellPath = /bin/sh;
			shellScript = "if which swiftlint > /dev/null; then\n    swiftlint autocorrect && swiftlint\nelse\n    echo \"warning: SwiftGen not installed, download it from https://github.com/realm/SwiftLint\"\nfi\n";
		};
/* End PBXShellScriptBuildPhase section */

/* Begin PBXSourcesBuildPhase section */
		EA4A1D94251CA17B00C96E20 /* Sources */ = {
			isa = PBXSourcesBuildPhase;
			buildActionMask = 2147483647;
			files = (
				EA4A1D9C251CA17B00C96E20 /* AppDelegate.swift in Sources */,
				CF8E0894252EFFAD00EFE6CB /* ChooseGameView.swift in Sources */,
				EAAE1C81252223D000FEA51C /* UserView.swift in Sources */,
				CF8E089E252F04C100EFE6CB /* Game.swift in Sources */,
				CF8E0899252F03F100EFE6CB /* GameListItem.swift in Sources */,
				EAF23FE6253063860074AC81 /* NavigationButton.swift in Sources */,
				EAAE1C8725232BF600FEA51C /* UserData.swift in Sources */,
				EAF23FEE253092370074AC81 /* PartyHostView.swift in Sources */,
				EA943AC7251CD47C00CAB20C /* BackgroundCardComponent.swift in Sources */,
				EAF23FD325304B4B0074AC81 /* PartyPeopleList.swift in Sources */,
				CF1F50BC25261AAD00F43E94 /* WaitingHostView.swift in Sources */,
				EAA47F84252F5235000F99DB /* PartyUserView.swift in Sources */,
				EA116322252F2AC6006571D6 /* DataProvider.swift in Sources */,
				EA4A1D9E251CA17B00C96E20 /* SceneDelegate.swift in Sources */,
				EA3B7260251DDB1700C82BFC /* LoginView.swift in Sources */,
				EA116327252F2B18006571D6 /* PartyData.swift in Sources */,
				EA4A1DA0251CA17B00C96E20 /* ContentView.swift in Sources */,
				CFC422C32525BDB900228508 /* GameView.swift in Sources */,
				EAAE1C79252220B400FEA51C /* JoinPartyView.swift in Sources */,
				EA5F59F5252F07FC004265AF /* NavigationItemContainer.swift in Sources */,
			);
			runOnlyForDeploymentPostprocessing = 0;
		};
		EA4A1DAA251CA18100C96E20 /* Sources */ = {
			isa = PBXSourcesBuildPhase;
			buildActionMask = 2147483647;
			files = (
				EA4A1DB3251CA18100C96E20 /* BiernTests.swift in Sources */,
			);
			runOnlyForDeploymentPostprocessing = 0;
		};
		EA4A1DB5251CA18100C96E20 /* Sources */ = {
			isa = PBXSourcesBuildPhase;
			buildActionMask = 2147483647;
			files = (
				EA4A1DBE251CA18100C96E20 /* BiernUITests.swift in Sources */,
			);
			runOnlyForDeploymentPostprocessing = 0;
		};
/* End PBXSourcesBuildPhase section */

/* Begin PBXTargetDependency section */
		EA4A1DB0251CA18100C96E20 /* PBXTargetDependency */ = {
			isa = PBXTargetDependency;
			target = EA4A1D97251CA17B00C96E20 /* Biern */;
			targetProxy = EA4A1DAF251CA18100C96E20 /* PBXContainerItemProxy */;
		};
		EA4A1DBB251CA18100C96E20 /* PBXTargetDependency */ = {
			isa = PBXTargetDependency;
			target = EA4A1D97251CA17B00C96E20 /* Biern */;
			targetProxy = EA4A1DBA251CA18100C96E20 /* PBXContainerItemProxy */;
		};
/* End PBXTargetDependency section */

/* Begin PBXVariantGroup section */
		EA4A1DA6251CA18000C96E20 /* LaunchScreen.storyboard */ = {
			isa = PBXVariantGroup;
			children = (
				EA4A1DA7251CA18000C96E20 /* Base */,
			);
			name = LaunchScreen.storyboard;
			sourceTree = "<group>";
		};
/* End PBXVariantGroup section */

/* Begin XCBuildConfiguration section */
		EA4A1DC0251CA18100C96E20 /* Debug */ = {
			isa = XCBuildConfiguration;
			buildSettings = {
				ALWAYS_SEARCH_USER_PATHS = NO;
				CLANG_ANALYZER_NONNULL = YES;
				CLANG_ANALYZER_NUMBER_OBJECT_CONVERSION = YES_AGGRESSIVE;
				CLANG_CXX_LANGUAGE_STANDARD = "gnu++14";
				CLANG_CXX_LIBRARY = "libc++";
				CLANG_ENABLE_MODULES = YES;
				CLANG_ENABLE_OBJC_ARC = YES;
				CLANG_ENABLE_OBJC_WEAK = YES;
				CLANG_WARN_BLOCK_CAPTURE_AUTORELEASING = YES;
				CLANG_WARN_BOOL_CONVERSION = YES;
				CLANG_WARN_COMMA = YES;
				CLANG_WARN_CONSTANT_CONVERSION = YES;
				CLANG_WARN_DEPRECATED_OBJC_IMPLEMENTATIONS = YES;
				CLANG_WARN_DIRECT_OBJC_ISA_USAGE = YES_ERROR;
				CLANG_WARN_DOCUMENTATION_COMMENTS = YES;
				CLANG_WARN_EMPTY_BODY = YES;
				CLANG_WARN_ENUM_CONVERSION = YES;
				CLANG_WARN_INFINITE_RECURSION = YES;
				CLANG_WARN_INT_CONVERSION = YES;
				CLANG_WARN_NON_LITERAL_NULL_CONVERSION = YES;
				CLANG_WARN_OBJC_IMPLICIT_RETAIN_SELF = YES;
				CLANG_WARN_OBJC_LITERAL_CONVERSION = YES;
				CLANG_WARN_OBJC_ROOT_CLASS = YES_ERROR;
				CLANG_WARN_QUOTED_INCLUDE_IN_FRAMEWORK_HEADER = YES;
				CLANG_WARN_RANGE_LOOP_ANALYSIS = YES;
				CLANG_WARN_STRICT_PROTOTYPES = YES;
				CLANG_WARN_SUSPICIOUS_MOVE = YES;
				CLANG_WARN_UNGUARDED_AVAILABILITY = YES_AGGRESSIVE;
				CLANG_WARN_UNREACHABLE_CODE = YES;
				CLANG_WARN__DUPLICATE_METHOD_MATCH = YES;
				COPY_PHASE_STRIP = NO;
				DEBUG_INFORMATION_FORMAT = dwarf;
				DEVELOPMENT_TEAM = AAD_Group_4;
				ENABLE_STRICT_OBJC_MSGSEND = YES;
				ENABLE_TESTABILITY = YES;
				GCC_C_LANGUAGE_STANDARD = gnu11;
				GCC_DYNAMIC_NO_PIC = NO;
				GCC_NO_COMMON_BLOCKS = YES;
				GCC_OPTIMIZATION_LEVEL = 0;
				GCC_PREPROCESSOR_DEFINITIONS = (
					"DEBUG=1",
					"$(inherited)",
				);
				GCC_WARN_64_TO_32_BIT_CONVERSION = YES;
				GCC_WARN_ABOUT_RETURN_TYPE = YES_ERROR;
				GCC_WARN_UNDECLARED_SELECTOR = YES;
				GCC_WARN_UNINITIALIZED_AUTOS = YES_AGGRESSIVE;
				GCC_WARN_UNUSED_FUNCTION = YES;
				GCC_WARN_UNUSED_VARIABLE = YES;
				IPHONEOS_DEPLOYMENT_TARGET = 14.0;
				MTL_ENABLE_DEBUG_INFO = INCLUDE_SOURCE;
				MTL_FAST_MATH = YES;
				ONLY_ACTIVE_ARCH = YES;
				SDKROOT = iphoneos;
				SWIFT_ACTIVE_COMPILATION_CONDITIONS = DEBUG;
				SWIFT_OPTIMIZATION_LEVEL = "-Onone";
			};
			name = Debug;
		};
		EA4A1DC1251CA18100C96E20 /* Release */ = {
			isa = XCBuildConfiguration;
			buildSettings = {
				ALWAYS_SEARCH_USER_PATHS = NO;
				CLANG_ANALYZER_NONNULL = YES;
				CLANG_ANALYZER_NUMBER_OBJECT_CONVERSION = YES_AGGRESSIVE;
				CLANG_CXX_LANGUAGE_STANDARD = "gnu++14";
				CLANG_CXX_LIBRARY = "libc++";
				CLANG_ENABLE_MODULES = YES;
				CLANG_ENABLE_OBJC_ARC = YES;
				CLANG_ENABLE_OBJC_WEAK = YES;
				CLANG_WARN_BLOCK_CAPTURE_AUTORELEASING = YES;
				CLANG_WARN_BOOL_CONVERSION = YES;
				CLANG_WARN_COMMA = YES;
				CLANG_WARN_CONSTANT_CONVERSION = YES;
				CLANG_WARN_DEPRECATED_OBJC_IMPLEMENTATIONS = YES;
				CLANG_WARN_DIRECT_OBJC_ISA_USAGE = YES_ERROR;
				CLANG_WARN_DOCUMENTATION_COMMENTS = YES;
				CLANG_WARN_EMPTY_BODY = YES;
				CLANG_WARN_ENUM_CONVERSION = YES;
				CLANG_WARN_INFINITE_RECURSION = YES;
				CLANG_WARN_INT_CONVERSION = YES;
				CLANG_WARN_NON_LITERAL_NULL_CONVERSION = YES;
				CLANG_WARN_OBJC_IMPLICIT_RETAIN_SELF = YES;
				CLANG_WARN_OBJC_LITERAL_CONVERSION = YES;
				CLANG_WARN_OBJC_ROOT_CLASS = YES_ERROR;
				CLANG_WARN_QUOTED_INCLUDE_IN_FRAMEWORK_HEADER = YES;
				CLANG_WARN_RANGE_LOOP_ANALYSIS = YES;
				CLANG_WARN_STRICT_PROTOTYPES = YES;
				CLANG_WARN_SUSPICIOUS_MOVE = YES;
				CLANG_WARN_UNGUARDED_AVAILABILITY = YES_AGGRESSIVE;
				CLANG_WARN_UNREACHABLE_CODE = YES;
				CLANG_WARN__DUPLICATE_METHOD_MATCH = YES;
				COPY_PHASE_STRIP = NO;
				DEBUG_INFORMATION_FORMAT = "dwarf-with-dsym";
				DEVELOPMENT_TEAM = AAD_Group_4;
				ENABLE_NS_ASSERTIONS = NO;
				ENABLE_STRICT_OBJC_MSGSEND = YES;
				GCC_C_LANGUAGE_STANDARD = gnu11;
				GCC_NO_COMMON_BLOCKS = YES;
				GCC_WARN_64_TO_32_BIT_CONVERSION = YES;
				GCC_WARN_ABOUT_RETURN_TYPE = YES_ERROR;
				GCC_WARN_UNDECLARED_SELECTOR = YES;
				GCC_WARN_UNINITIALIZED_AUTOS = YES_AGGRESSIVE;
				GCC_WARN_UNUSED_FUNCTION = YES;
				GCC_WARN_UNUSED_VARIABLE = YES;
				IPHONEOS_DEPLOYMENT_TARGET = 14.0;
				MTL_ENABLE_DEBUG_INFO = NO;
				MTL_FAST_MATH = YES;
				SDKROOT = iphoneos;
				SWIFT_COMPILATION_MODE = wholemodule;
				SWIFT_OPTIMIZATION_LEVEL = "-O";
				VALIDATE_PRODUCT = YES;
			};
			name = Release;
		};
		EA4A1DC3251CA18100C96E20 /* Debug */ = {
			isa = XCBuildConfiguration;
			buildSettings = {
				ASSETCATALOG_COMPILER_APPICON_NAME = AppIcon;
				CODE_SIGN_STYLE = Manual;
				DEVELOPMENT_ASSET_PATHS = "\"Biern/Preview Content\"";
				DEVELOPMENT_TEAM = "";
				ENABLE_PREVIEWS = YES;
				INFOPLIST_FILE = Biern/Info.plist;
				LD_RUNPATH_SEARCH_PATHS = (
					"$(inherited)",
					"@executable_path/Frameworks",
				);
				PRODUCT_BUNDLE_IDENTIFIER = "com.AAD-Group-4.Biern";
				PRODUCT_NAME = "$(TARGET_NAME)";
				PROVISIONING_PROFILE_SPECIFIER = "";
				SWIFT_VERSION = 5.0;
				TARGETED_DEVICE_FAMILY = "1,2";
			};
			name = Debug;
		};
		EA4A1DC4251CA18100C96E20 /* Release */ = {
			isa = XCBuildConfiguration;
			buildSettings = {
				ASSETCATALOG_COMPILER_APPICON_NAME = AppIcon;
				CODE_SIGN_STYLE = Manual;
				DEVELOPMENT_ASSET_PATHS = "\"Biern/Preview Content\"";
				DEVELOPMENT_TEAM = "";
				ENABLE_PREVIEWS = YES;
				INFOPLIST_FILE = Biern/Info.plist;
				LD_RUNPATH_SEARCH_PATHS = (
					"$(inherited)",
					"@executable_path/Frameworks",
				);
				PRODUCT_BUNDLE_IDENTIFIER = "com.AAD-Group-4.Biern";
				PRODUCT_NAME = "$(TARGET_NAME)";
				PROVISIONING_PROFILE_SPECIFIER = "";
				SWIFT_VERSION = 5.0;
				TARGETED_DEVICE_FAMILY = "1,2";
			};
			name = Release;
		};
		EA4A1DC6251CA18100C96E20 /* Debug */ = {
			isa = XCBuildConfiguration;
			buildSettings = {
				ALWAYS_EMBED_SWIFT_STANDARD_LIBRARIES = YES;
				BUNDLE_LOADER = "$(TEST_HOST)";
				CODE_SIGN_STYLE = Manual;
				DEVELOPMENT_TEAM = "";
				INFOPLIST_FILE = BiernTests/Info.plist;
				IPHONEOS_DEPLOYMENT_TARGET = 13.7;
				LD_RUNPATH_SEARCH_PATHS = (
					"$(inherited)",
					"@executable_path/Frameworks",
					"@loader_path/Frameworks",
				);
				PRODUCT_BUNDLE_IDENTIFIER = "com.AAD-Group-4.BiernTests";
				PRODUCT_NAME = "$(TARGET_NAME)";
				PROVISIONING_PROFILE_SPECIFIER = "";
				"PROVISIONING_PROFILE_SPECIFIER[sdk=macosx*]" = "";
				SWIFT_VERSION = 5.0;
				TARGETED_DEVICE_FAMILY = "1,2";
				TEST_HOST = "$(BUILT_PRODUCTS_DIR)/Biern.app/Biern";
			};
			name = Debug;
		};
		EA4A1DC7251CA18100C96E20 /* Release */ = {
			isa = XCBuildConfiguration;
			buildSettings = {
				ALWAYS_EMBED_SWIFT_STANDARD_LIBRARIES = YES;
				BUNDLE_LOADER = "$(TEST_HOST)";
				CODE_SIGN_STYLE = Manual;
				DEVELOPMENT_TEAM = "";
				INFOPLIST_FILE = BiernTests/Info.plist;
				IPHONEOS_DEPLOYMENT_TARGET = 13.7;
				LD_RUNPATH_SEARCH_PATHS = (
					"$(inherited)",
					"@executable_path/Frameworks",
					"@loader_path/Frameworks",
				);
				PRODUCT_BUNDLE_IDENTIFIER = "com.AAD-Group-4.BiernTests";
				PRODUCT_NAME = "$(TARGET_NAME)";
				PROVISIONING_PROFILE_SPECIFIER = "";
				"PROVISIONING_PROFILE_SPECIFIER[sdk=macosx*]" = "";
				SWIFT_VERSION = 5.0;
				TARGETED_DEVICE_FAMILY = "1,2";
				TEST_HOST = "$(BUILT_PRODUCTS_DIR)/Biern.app/Biern";
			};
			name = Release;
		};
		EA4A1DC9251CA18100C96E20 /* Debug */ = {
			isa = XCBuildConfiguration;
			buildSettings = {
				ALWAYS_EMBED_SWIFT_STANDARD_LIBRARIES = YES;
				CODE_SIGN_STYLE = Manual;
				DEVELOPMENT_TEAM = "";
				INFOPLIST_FILE = BiernUITests/Info.plist;
				LD_RUNPATH_SEARCH_PATHS = (
					"$(inherited)",
					"@executable_path/Frameworks",
					"@loader_path/Frameworks",
				);
				PRODUCT_BUNDLE_IDENTIFIER = "com.AAD-Group-4.BiernUITests";
				PRODUCT_NAME = "$(TARGET_NAME)";
				PROVISIONING_PROFILE_SPECIFIER = "";
				"PROVISIONING_PROFILE_SPECIFIER[sdk=macosx*]" = "";
				SWIFT_VERSION = 5.0;
				TARGETED_DEVICE_FAMILY = "1,2";
				TEST_TARGET_NAME = Biern;
			};
			name = Debug;
		};
		EA4A1DCA251CA18100C96E20 /* Release */ = {
			isa = XCBuildConfiguration;
			buildSettings = {
				ALWAYS_EMBED_SWIFT_STANDARD_LIBRARIES = YES;
				CODE_SIGN_STYLE = Manual;
				DEVELOPMENT_TEAM = "";
				INFOPLIST_FILE = BiernUITests/Info.plist;
				LD_RUNPATH_SEARCH_PATHS = (
					"$(inherited)",
					"@executable_path/Frameworks",
					"@loader_path/Frameworks",
				);
				PRODUCT_BUNDLE_IDENTIFIER = "com.AAD-Group-4.BiernUITests";
				PRODUCT_NAME = "$(TARGET_NAME)";
				PROVISIONING_PROFILE_SPECIFIER = "";
				"PROVISIONING_PROFILE_SPECIFIER[sdk=macosx*]" = "";
				SWIFT_VERSION = 5.0;
				TARGETED_DEVICE_FAMILY = "1,2";
				TEST_TARGET_NAME = Biern;
			};
			name = Release;
		};
/* End XCBuildConfiguration section */

/* Begin XCConfigurationList section */
		EA4A1D93251CA17B00C96E20 /* Build configuration list for PBXProject "Biern" */ = {
			isa = XCConfigurationList;
			buildConfigurations = (
				EA4A1DC0251CA18100C96E20 /* Debug */,
				EA4A1DC1251CA18100C96E20 /* Release */,
			);
			defaultConfigurationIsVisible = 0;
			defaultConfigurationName = Release;
		};
		EA4A1DC2251CA18100C96E20 /* Build configuration list for PBXNativeTarget "Biern" */ = {
			isa = XCConfigurationList;
			buildConfigurations = (
				EA4A1DC3251CA18100C96E20 /* Debug */,
				EA4A1DC4251CA18100C96E20 /* Release */,
			);
			defaultConfigurationIsVisible = 0;
			defaultConfigurationName = Release;
		};
		EA4A1DC5251CA18100C96E20 /* Build configuration list for PBXNativeTarget "BiernTests" */ = {
			isa = XCConfigurationList;
			buildConfigurations = (
				EA4A1DC6251CA18100C96E20 /* Debug */,
				EA4A1DC7251CA18100C96E20 /* Release */,
			);
			defaultConfigurationIsVisible = 0;
			defaultConfigurationName = Release;
		};
		EA4A1DC8251CA18100C96E20 /* Build configuration list for PBXNativeTarget "BiernUITests" */ = {
			isa = XCConfigurationList;
			buildConfigurations = (
				EA4A1DC9251CA18100C96E20 /* Debug */,
				EA4A1DCA251CA18100C96E20 /* Release */,
			);
			defaultConfigurationIsVisible = 0;
			defaultConfigurationName = Release;
		};
/* End XCConfigurationList section */
	};
	rootObject = EA4A1D90251CA17B00C96E20 /* Project object */;
}
